
Microsoft Visual Studio Solution File, Format Version 12.00
# Visual Studio Version 17
VisualStudioVersion = 17.13.35931.197 d17.13
MinimumVisualStudioVersion = 10.0.40219.1
Project("{FAE04EC0-301F-11D3-BF4B-00C04F79EFBC}") = "LibraryManagementSystem", "LibraryManagementSystem.csproj", "{C1B69010-99CE-42E1-B096-074A302A64A5}"
EndProject
Global
	GlobalSection(SolutionConfigurationPlatforms) = preSolution
		Debug|Any CPU = Debug|Any CPU
		Release|Any CPU = Release|Any CPU
	EndGlobalSection
	GlobalSection(ProjectConfigurationPlatforms) = postSolution
		{C1B69010-99CE-42E1-B096-074A302A64A5}.Debug|Any CPU.ActiveCfg = Debug|Any CPU
		{C1B69010-99CE-42E1-B096-074A302A64A5}.Debug|Any CPU.Build.0 = Debug|Any CPU
		{C1B69010-99CE-42E1-B096-074A302A64A5}.Release|Any CPU.ActiveCfg = Release|Any CPU
		{C1B69010-99CE-42E1-B096-074A302A64A5}.Release|Any CPU.Build.0 = Release|Any CPU
	EndGlobalSection
	GlobalSection(SolutionProperties) = preSolution
		HideSolutionNode = FALSE
	EndGlobalSection
	GlobalSection(ExtensibilityGlobals) = postSolution
		SolutionGuid = {EF3E07ED-B0C5-4F08-BE0D-C5F31F9E6EA3}
	EndGlobalSection
EndGlobal
